// !$*UTF8*$!
{
	archiveVersion = 1;
	classes = {
	};
	objectVersion = 77;
	objects = {

/* Begin PBXContainerItemProxy section */
		42C499382F07D76B0066AF41 /* PBXContainerItemProxy */ = {
			isa = PBXContainerItemProxy;
			containerPortal = 42C499202F07D76A0066AF41 /* Project object */;
			proxyType = 1;
			remoteGlobalIDString = 42C499272F07D76A0066AF41;
			remoteInfo = "Ai La Carte";
		};
		42C499422F07D76B0066AF41 /* PBXContainerItemProxy */ = {
			isa = PBXContainerItemProxy;
			containerPortal = 42C499202F07D76A0066AF41 /* Project object */;
			proxyType = 1;
			remoteGlobalIDString = 42C499272F07D76A0066AF41;
			remoteInfo = "Ai La Carte";
		};
/* End PBXContainerItemProxy section */

/* Begin PBXFileReference section */
		42C499282F07D76A0066AF41 /* Ai La Carte.app */ = {isa = PBXFileReference; explicitFileType = wrapper.application; includeInIndex = 0; path = "Ai La Carte.app"; sourceTree = BUILT_PRODUCTS_DIR; };
		42C499372F07D76B0066AF41 /* Ai La CarteTests.xctest */ = {isa = PBXFileReference; explicitFileType = wrapper.cfbundle; includeInIndex = 0; path = "Ai La CarteTests.xctest"; sourceTree = BUILT_PRODUCTS_DIR; };
		42C499412F07D76B0066AF41 /* Ai La CarteUITests.xctest */ = {isa = PBXFileReference; explicitFileType = wrapper.cfbundle; includeInIndex = 0; path = "Ai La CarteUITests.xctest"; sourceTree = BUILT_PRODUCTS_DIR; };
/* End PBXFileReference section */

/* Begin PBXFileSystemSynchronizedRootGroup section */
		42C4992A2F07D76A0066AF41 /* Ai La Carte */ = {
			isa = PBXFileSystemSynchronizedRootGroup;
			path = "Ai La Carte";
			sourceTree = "<group>";
		};
		42C4993A2F07D76B0066AF41 /* Ai La CarteTests */ = {
			isa = PBXFileSystemSynchronizedRootGroup;
			path = "Ai La CarteTests";
			sourceTree = "<group>";
		};
		42C499442F07D76B0066AF41 /* Ai La CarteUITests */ = {
			isa = PBXFileSystemSynchronizedRootGroup;
			path = "Ai La CarteUITests";
			sourceTree = "<group>";
		};
/* End PBXFileSystemSynchronizedRootGroup section */

/* Begin PBXFrameworksBuildPhase section */
		42C499252F07D76A0066AF41 /* Frameworks */ = {
			isa = PBXFrameworksBuildPhase;
			buildActionMask = 2147483647;
			files = (
			);
			runOnlyForDeploymentPostprocessing = 0;
		};
		42C499342F07D76B0066AF41 /* Frameworks */ = {
			isa = PBXFrameworksBuildPhase;
			buildActionMask = 2147483647;
			files = (
			);
			runOnlyForDeploymentPostprocessing = 0;
		};
		42C4993E2F07D76B0066AF41 /* Frameworks */ = {
			isa = PBXFrameworksBuildPhase;
			buildActionMask = 2147483647;
			files = (
			);
			runOnlyForDeploymentPostprocessing = 0;
		};
/* End PBXFrameworksBuildPhase section */

/* Begin PBXGroup section */
		42C4991F2F07D76A0066AF41 = {
			isa = PBXGroup;
			children = (
				42C4992A2F07D76A0066AF41 /* Ai La Carte */,
				42C4993A2F07D76B0066AF41 /* Ai La CarteTests */,
				42C499442F07D76B0066AF41 /* Ai La CarteUITests */,
				42C499292F07D76A0066AF41 /* Products */,
			);
			sourceTree = "<group>";
		};
		42C499292F07D76A0066AF41 /* Products */ = {
			isa = PBXGroup;
			children = (
				42C499282F07D76A0066AF41 /* Ai La Carte.app */,
				42C499372F07D76B0066AF41 /* Ai La CarteTests.xctest */,
				42C499412F07D76B0066AF41 /* Ai La CarteUITests.xctest */,
			);
			name = Products;
			sourceTree = "<group>";
		};
/* End PBXGroup section */

/* Begin PBXNativeTarget section */
		42C499272F07D76A0066AF41 /* Ai La Carte */ = {
			isa = PBXNativeTarget;
			buildConfigurationList = 42C4994B2F07D76B0066AF41 /* Build configuration list for PBXNativeTarget "Ai La Carte" */;
			buildPhases = (
				42C499242F07D76A0066AF41 /* Sources */,
				42C499252F07D76A0066AF41 /* Frameworks */,
				42C499262F07D76A0066AF41 /* Resources */,
			);
			buildRules = (
			);
			dependencies = (
			);
			fileSystemSynchronizedGroups = (
				42C4992A2F07D76A0066AF41 /* Ai La Carte */,
			);
			name = "Ai La Carte";
			packageProductDependencies = (
			);
			productName = "Ai La Carte";
			productReference = 42C499282F07D76A0066AF41 /* Ai La Carte.app */;
			productType = "com.apple.product-type.application";
		};
		42C499362F07D76B0066AF41 /* Ai La CarteTests */ = {
			isa = PBXNativeTarget;
			buildConfigurationList = 42C4994E2F07D76B0066AF41 /* Build configuration list for PBXNativeTarget "Ai La CarteTests" */;
			buildPhases = (
				42C499332F07D76B0066AF41 /* Sources */,
				42C499342F07D76B0066AF41 /* Frameworks */,
				42C499352F07D76B0066AF41 /* Resources */,
			);
			buildRules = (
			);
			dependencies = (
				42C499392F07D76B0066AF41 /* PBXTargetDependency */,
			);
			fileSystemSynchronizedGroups = (
				42C4993A2F07D76B0066AF41 /* Ai La CarteTests */,
			);
			name = "Ai La CarteTests";
			packageProductDependencies = (
			);
			productName = "Ai La CarteTests";
			productReference = 42C499372F07D76B0066AF41 /* Ai La CarteTests.xctest */;
			productType = "com.apple.product-type.bundle.unit-test";
		};
		42C499402F07D76B0066AF41 /* Ai La CarteUITests */ = {
			isa = PBXNativeTarget;
			buildConfigurationList = 42C499512F07D76B0066AF41 /* Build configuration list for PBXNativeTarget "Ai La CarteUITests" */;
			buildPhases = (
				42C4993D2F07D76B0066AF41 /* Sources */,
				42C4993E2F07D76B0066AF41 /* Frameworks */,
				42C4993F2F07D76B0066AF41 /* Resources */,
			);
			buildRules = (
			);
			dependencies = (
				42C499432F07D76B0066AF41 /* PBXTargetDependency */,
			);
			fileSystemSynchronizedGroups = (
				42C499442F07D76B0066AF41 /* Ai La CarteUITests */,
			);
			name = "Ai La CarteUITests";
			packageProductDependencies = (
			);
			productName = "Ai La CarteUITests";
			productReference = 42C499412F07D76B0066AF41 /* Ai La CarteUITests.xctest */;
			productType = "com.apple.product-type.bundle.ui-testing";
		};
/* End PBXNativeTarget section */

/* Begin PBXProject section */
		42C499202F07D76A0066AF41 /* Project object */ = {
			isa = PBXProject;
			attributes = {
				BuildIndependentTargetsInParallel = 1;
				LastSwiftUpdateCheck = 1640;
				LastUpgradeCheck = 1640;
				TargetAttributes = {
					42C499272F07D76A0066AF41 = {
						CreatedOnToolsVersion = 16.4;
					};
					42C499362F07D76B0066AF41 = {
						CreatedOnToolsVersion = 16.4;
						TestTargetID = 42C499272F07D76A0066AF41;
					};
					42C499402F07D76B0066AF41 = {
						CreatedOnToolsVersion = 16.4;
						TestTargetID = 42C499272F07D76A0066AF41;
					};
				};
			};
			buildConfigurationList = 42C499232F07D76A0066AF41 /* Build configuration list for PBXProject "Ai La Carte" */;
			developmentRegion = en;
			hasScannedForEncodings = 0;
			knownRegions = (
				en,
				Base,
			);
			mainGroup = 42C4991F2F07D76A0066AF41;
			minimizedProjectReferenceProxies = 1;
			preferredProjectObjectVersion = 77;
			productRefGroup = 42C499292F07D76A0066AF41 /* Products */;
			projectDirPath = "";
			projectRoot = "";
			targets = (
				42C499272F07D76A0066AF41 /* Ai La Carte */,
				42C499362F07D76B0066AF41 /* Ai La CarteTests */,
				42C499402F07D76B0066AF41 /* Ai La CarteUITests */,
			);
		};
/* End PBXProject section */

/* Begin PBXResourcesBuildPhase section */
		42C499262F07D76A0066AF41 /* Resources */ = {
			isa = PBXResourcesBuildPhase;
			buildActionMask = 2147483647;
			files = (
			);
			runOnlyForDeploymentPostprocessing = 0;
		};
		42C499352F07D76B0066AF41 /* Resources */ = {
			isa = PBXResourcesBuildPhase;
			buildActionMask = 2147483647;
			files = (
			);
			runOnlyForDeploymentPostprocessing = 0;
		};
		42C4993F2F07D76B0066AF41 /* Resources */ = {
			isa = PBXResourcesBuildPhase;
			buildActionMask = 2147483647;
			files = (
			);
			runOnlyForDeploymentPostprocessing = 0;
		};
/* End PBXResourcesBuildPhase section */

/* Begin PBXSourcesBuildPhase section */
		42C499242F07D76A0066AF41 /* Sources */ = {
			isa = PBXSourcesBuildPhase;
			buildActionMask = 2147483647;
			files = (
			);
			runOnlyForDeploymentPostprocessing = 0;
		};
		42C499332F07D76B0066AF41 /* Sources */ = {
			isa = PBXSourcesBuildPhase;
			buildActionMask = 2147483647;
			files = (
			);
			runOnlyForDeploymentPostprocessing = 0;
		};
		42C4993D2F07D76B0066AF41 /* Sources */ = {
			isa = PBXSourcesBuildPhase;
			buildActionMask = 2147483647;
			files = (
			);
			runOnlyForDeploymentPostprocessing = 0;
		};
/* End PBXSourcesBuildPhase section */

/* Begin PBXTargetDependency section */
		42C499392F07D76B0066AF41 /* PBXTargetDependency */ = {
			isa = PBXTargetDependency;
			target = 42C499272F07D76A0066AF41 /* Ai La Carte */;
			targetProxy = 42C499382F07D76B0066AF41 /* PBXContainerItemProxy */;
		};
		42C499432F07D76B0066AF41 /* PBXTargetDependency */ = {
			isa = PBXTargetDependency;
			target = 42C499272F07D76A0066AF41 /* Ai La Carte */;
			targetProxy = 42C499422F07D76B0066AF41 /* PBXContainerItemProxy */;
		};
/* End PBXTargetDependency section */

/* Begin XCBuildConfiguration section */
		42C499492F07D76B0066AF41 /* Debug */ = {
			isa = XCBuildConfiguration;
			buildSettings = {
				ALWAYS_SEARCH_USER_PATHS = NO;
				ASSETCATALOG_COMPILER_GENERATE_SWIFT_ASSET_SYMBOL_EXTENSIONS = YES;
				CLANG_ANALYZER_NONNULL = YES;
				CLANG_ANALYZER_NUMBER_OBJECT_CONVERSION = YES_AGGRESSIVE;
				CLANG_CXX_LANGUAGE_STANDARD = "gnu++20";
				CLANG_ENABLE_MODULES = YES;
				CLANG_ENABLE_OBJC_ARC = YES;
				CLANG_ENABLE_OBJC_WEAK = YES;
				CLANG_WARN_BLOCK_CAPTURE_AUTORELEASING = YES;
				CLANG_WARN_BOOL_CONVERSION = YES;
				CLANG_WARN_COMMA = YES;
				CLANG_WARN_CONSTANT_CONVERSION = YES;
				CLANG_WARN_DEPRECATED_OBJC_IMPLEMENTATIONS = YES;
				CLANG_WARN_DIRECT_OBJC_ISA_USAGE = YES_ERROR;
				CLANG_WARN_DOCUMENTATION_COMMENTS = YES;
				CLANG_WARN_EMPTY_BODY = YES;
				CLANG_WARN_ENUM_CONVERSION = YES;
				CLANG_WARN_INFINITE_RECURSION = YES;
				CLANG_WARN_INT_CONVERSION = YES;
				CLANG_WARN_NON_LITERAL_NULL_CONVERSION = YES;
				CLANG_WARN_OBJC_IMPLICIT_RETAIN_SELF = YES;
				CLANG_WARN_OBJC_LITERAL_CONVERSION = YES;
				CLANG_WARN_OBJC_ROOT_CLASS = YES_ERROR;
				CLANG_WARN_QUOTED_INCLUDE_IN_FRAMEWORK_HEADER = YES;
				CLANG_WARN_RANGE_LOOP_ANALYSIS = YES;
				CLANG_WARN_STRICT_PROTOTYPES = YES;
				CLANG_WARN_SUSPICIOUS_MOVE = YES;
				CLANG_WARN_UNGUARDED_AVAILABILITY = YES_AGGRESSIVE;
				CLANG_WARN_UNREACHABLE_CODE = YES;
				CLANG_WARN__DUPLICATE_METHOD_MATCH = YES;
				COPY_PHASE_STRIP = NO;
				DEBUG_INFORMATION_FORMAT = dwarf;
				DEVELOPMENT_TEAM = 67766PDL98;
				ENABLE_STRICT_OBJC_MSGSEND = YES;
				ENABLE_TESTABILITY = YES;
				ENABLE_USER_SCRIPT_SANDBOXING = YES;
				GCC_C_LANGUAGE_STANDARD = gnu17;
				GCC_DYNAMIC_NO_PIC = NO;
				GCC_NO_COMMON_BLOCKS = YES;
				GCC_OPTIMIZATION_LEVEL = 0;
				GCC_PREPROCESSOR_DEFINITIONS = (
					"DEBUG=1",
					"$(inherited)",
				);
				GCC_WARN_64_TO_32_BIT_CONVERSION = YES;
				GCC_WARN_ABOUT_RETURN_TYPE = YES_ERROR;
				GCC_WARN_UNDECLARED_SELECTOR = YES;
				GCC_WARN_UNINITIALIZED_AUTOS = YES_AGGRESSIVE;
				GCC_WARN_UNUSED_FUNCTION = YES;
				GCC_WARN_UNUSED_VARIABLE = YES;
				IPHONEOS_DEPLOYMENT_TARGET = 18.5;
				LOCALIZATION_PREFERS_STRING_CATALOGS = YES;
				MTL_ENABLE_DEBUG_INFO = INCLUDE_SOURCE;
				MTL_FAST_MATH = YES;
				ONLY_ACTIVE_ARCH = YES;
				SDKROOT = iphoneos;
				SWIFT_ACTIVE_COMPILATION_CONDITIONS = "DEBUG $(inherited)";
				SWIFT_OPTIMIZATION_LEVEL = "-Onone";
			};
			name = Debug;
		};
		42C4994A2F07D76B0066AF41 /* Release */ = {
			isa = XCBuildConfiguration;
			buildSettings = {
				ALWAYS_SEARCH_USER_PATHS = NO;
				ASSETCATALOG_COMPILER_GENERATE_SWIFT_ASSET_SYMBOL_EXTENSIONS = YES;
				CLANG_ANALYZER_NONNULL = YES;
				CLANG_ANALYZER_NUMBER_OBJECT_CONVERSION = YES_AGGRESSIVE;
				CLANG_CXX_LANGUAGE_STANDARD = "gnu++20";
				CLANG_ENABLE_MODULES = YES;
				CLANG_ENABLE_OBJC_ARC = YES;
				CLANG_ENABLE_OBJC_WEAK = YES;
				CLANG_WARN_BLOCK_CAPTURE_AUTORELEASING = YES;
				CLANG_WARN_BOOL_CONVERSION = YES;
				CLANG_WARN_COMMA = YES;
				CLANG_WARN_CONSTANT_CONVERSION = YES;
				CLANG_WARN_DEPRECATED_OBJC_IMPLEMENTATIONS = YES;
				CLANG_WARN_DIRECT_OBJC_ISA_USAGE = YES_ERROR;
				CLANG_WARN_DOCUMENTATION_COMMENTS = YES;
				CLANG_WARN_EMPTY_BODY = YES;
				CLANG_WARN_ENUM_CONVERSION = YES;
				CLANG_WARN_INFINITE_RECURSION = YES;
				CLANG_WARN_INT_CONVERSION = YES;
				CLANG_WARN_NON_LITERAL_NULL_CONVERSION = YES;
				CLANG_WARN_OBJC_IMPLICIT_RETAIN_SELF = YES;
				CLANG_WARN_OBJC_LITERAL_CONVERSION = YES;
				CLANG_WARN_OBJC_ROOT_CLASS = YES_ERROR;
				CLANG_WARN_QUOTED_INCLUDE_IN_FRAMEWORK_HEADER = YES;
				CLANG_WARN_RANGE_LOOP_ANALYSIS = YES;
				CLANG_WARN_STRICT_PROTOTYPES = YES;
				CLANG_WARN_SUSPICIOUS_MOVE = YES;
				CLANG_WARN_UNGUARDED_AVAILABILITY = YES_AGGRESSIVE;
				CLANG_WARN_UNREACHABLE_CODE = YES;
				CLANG_WARN__DUPLICATE_METHOD_MATCH = YES;
				COPY_PHASE_STRIP = NO;
				DEBUG_INFORMATION_FORMAT = "dwarf-with-dsym";
				DEVELOPMENT_TEAM = 67766PDL98;
				ENABLE_NS_ASSERTIONS = NO;
				ENABLE_STRICT_OBJC_MSGSEND = YES;
				ENABLE_USER_SCRIPT_SANDBOXING = YES;
				GCC_C_LANGUAGE_STANDARD = gnu17;
				GCC_NO_COMMON_BLOCKS = YES;
				GCC_WARN_64_TO_32_BIT_CONVERSION = YES;
				GCC_WARN_ABOUT_RETURN_TYPE = YES_ERROR;
				GCC_WARN_UNDECLARED_SELECTOR = YES;
				GCC_WARN_UNINITIALIZED_AUTOS = YES_AGGRESSIVE;
				GCC_WARN_UNUSED_FUNCTION = YES;
				GCC_WARN_UNUSED_VARIABLE = YES;
				IPHONEOS_DEPLOYMENT_TARGET = 18.5;
				LOCALIZATION_PREFERS_STRING_CATALOGS = YES;
				MTL_ENABLE_DEBUG_INFO = NO;
				MTL_FAST_MATH = YES;
				SDKROOT = iphoneos;
				SWIFT_COMPILATION_MODE = wholemodule;
				VALIDATE_PRODUCT = YES;
			};
			name = Release;
		};
		42C4994C2F07D76B0066AF41 /* Debug */ = {
			isa = XCBuildConfiguration;
			buildSettings = {
				ASSETCATALOG_COMPILER_APPICON_NAME = AppIcon;
				ASSETCATALOG_COMPILER_GLOBAL_ACCENT_COLOR_NAME = AccentColor;
				CODE_SIGN_STYLE = Automatic;
				CURRENT_PROJECT_VERSION = 1;
				DEVELOPMENT_TEAM = 67766PDL98;
				ENABLE_PREVIEWS = YES;
				GENERATE_INFOPLIST_FILE = YES;
				INFOPLIST_KEY_NSCameraUsageDescription = "AI La Carte needs camera access to scan restaurant menus and provide personalized dish recommendations.";
				INFOPLIST_KEY_NSLocationWhenInUseUsageDescription = "AI La Carte uses your location to find nearby restaurants and suggest menus we already have on file.";
				INFOPLIST_KEY_UIApplicationSceneManifest_Generation = YES;
				INFOPLIST_KEY_UIApplicationSupportsIndirectInputEvents = YES;
				INFOPLIST_KEY_UILaunchScreen_Generation = YES;
				INFOPLIST_KEY_UISupportedInterfaceOrientations_iPad = "UIInterfaceOrientationPortrait UIInterfaceOrientationPortraitUpsideDown UIInterfaceOrientationLandscapeLeft UIInterfaceOrientationLandscapeRight";
				INFOPLIST_KEY_UISupportedInterfaceOrientations_iPhone = "UIInterfaceOrientationPortrait UIInterfaceOrientationLandscapeLeft UIInterfaceOrientationLandscapeRight";
				IPHONEOS_DEPLOYMENT_TARGET = 17.0;
				LD_RUNPATH_SEARCH_PATHS = (
					"$(inherited)",
					"@executable_path/Frameworks",
				);
				MARKETING_VERSION = 1.0;
				PRODUCT_BUNDLE_IDENTIFIER = "wine.chus.Ai-La-Carte";
				PRODUCT_NAME = "$(TARGET_NAME)";
				SWIFT_EMIT_LOC_STRINGS = YES;
				SWIFT_VERSION = 5.0;
				TARGETED_DEVICE_FAMILY = "1,2";
			};
			name = Debug;
		};
		42C4994D2F07D76B0066AF41 /* Release */ = {
			isa = XCBuildConfiguration;
			buildSettings = {
				ASSETCATALOG_COMPILER_APPICON_NAME = AppIcon;
				ASSETCATALOG_COMPILER_GLOBAL_ACCENT_COLOR_NAME = AccentColor;
				CODE_SIGN_STYLE = Automatic;
				CURRENT_PROJECT_VERSION = 1;
				DEVELOPMENT_TEAM = 67766PDL98;
				ENABLE_PREVIEWS = YES;
				GENERATE_INFOPLIST_FILE = YES;
				INFOPLIST_KEY_NSCameraUsageDescription = "AI La Carte needs camera access to scan restaurant menus and provide personalized dish recommendations.";
				INFOPLIST_KEY_NSLocationWhenInUseUsageDescription = "AI La Carte uses your location to find nearby restaurants and suggest menus we already have on file.";
				INFOPLIST_KEY_UIApplicationSceneManifest_Generation = YES;
				INFOPLIST_KEY_UIApplicationSupportsIndirectInputEvents = YES;
				INFOPLIST_KEY_UILaunchScreen_Generation = YES;
				INFOPLIST_KEY_UISupportedInterfaceOrientations_iPad = "UIInterfaceOrientationPortrait UIInterfaceOrientationPortraitUpsideDown UIInterfaceOrientationLandscapeLeft UIInterfaceOrientationLandscapeRight";
				INFOPLIST_KEY_UISupportedInterfaceOrientations_iPhone = "UIInterfaceOrientationPortrait UIInterfaceOrientationLandscapeLeft UIInterfaceOrientationLandscapeRight";
				IPHONEOS_DEPLOYMENT_TARGET = 17.0;
				LD_RUNPATH_SEARCH_PATHS = (
					"$(inherited)",
					"@executable_path/Frameworks",
				);
				MARKETING_VERSION = 1.0;
				PRODUCT_BUNDLE_IDENTIFIER = "wine.chus.Ai-La-Carte";
				PRODUCT_NAME = "$(TARGET_NAME)";
				SWIFT_EMIT_LOC_STRINGS = YES;
				SWIFT_VERSION = 5.0;
				TARGETED_DEVICE_FAMILY = "1,2";
			};
			name = Release;
		};
		42C4994F2F07D76B0066AF41 /* Debug */ = {
			isa = XCBuildConfiguration;
			buildSettings = {
				BUNDLE_LOADER = "$(TEST_HOST)";
				CODE_SIGN_STYLE = Automatic;
				CURRENT_PROJECT_VERSION = 1;
				DEVELOPMENT_TEAM = 67766PDL98;
				GENERATE_INFOPLIST_FILE = YES;
				IPHONEOS_DEPLOYMENT_TARGET = 18.5;
				MARKETING_VERSION = 1.0;
				PRODUCT_BUNDLE_IDENTIFIER = "wine.chus.Ai-La-CarteTests";
				PRODUCT_NAME = "$(TARGET_NAME)";
				SWIFT_EMIT_LOC_STRINGS = NO;
				SWIFT_VERSION = 5.0;
				TARGETED_DEVICE_FAMILY = "1,2";
				TEST_HOST = "$(BUILT_PRODUCTS_DIR)/Ai La Carte.app/$(BUNDLE_EXECUTABLE_FOLDER_PATH)/Ai La Carte";
			};
			name = Debug;
		};
		42C499502F07D76B0066AF41 /* Release */ = {
			isa = XCBuildConfiguration;
			buildSettings = {
				BUNDLE_LOADER = "$(TEST_HOST)";
				CODE_SIGN_STYLE = Automatic;
				CURRENT_PROJECT_VERSION = 1;
				DEVELOPMENT_TEAM = 67766PDL98;
				GENERATE_INFOPLIST_FILE = YES;
				IPHONEOS_DEPLOYMENT_TARGET = 18.5;
				MARKETING_VERSION = 1.0;
				PRODUCT_BUNDLE_IDENTIFIER = "wine.chus.Ai-La-CarteTests";
				PRODUCT_NAME = "$(TARGET_NAME)";
				SWIFT_EMIT_LOC_STRINGS = NO;
				SWIFT_VERSION = 5.0;
				TARGETED_DEVICE_FAMILY = "1,2";
				TEST_HOST = "$(BUILT_PRODUCTS_DIR)/Ai La Carte.app/$(BUNDLE_EXECUTABLE_FOLDER_PATH)/Ai La Carte";
			};
			name = Release;
		};
		42C499522F07D76B0066AF41 /* Debug */ = {
			isa = XCBuildConfiguration;
			buildSettings = {
				CODE_SIGN_STYLE = Automatic;
				CURRENT_PROJECT_VERSION = 1;
				DEVELOPMENT_TEAM = 67766PDL98;
				GENERATE_INFOPLIST_FILE = YES;
				MARKETING_VERSION = 1.0;
				PRODUCT_BUNDLE_IDENTIFIER = "wine.chus.Ai-La-CarteUITests";
				PRODUCT_NAME = "$(TARGET_NAME)";
				SWIFT_EMIT_LOC_STRINGS = NO;
				SWIFT_VERSION = 5.0;
				TARGETED_DEVICE_FAMILY = "1,2";
				TEST_TARGET_NAME = "Ai La Carte";
			};
			name = Debug;
		};
		42C499532F07D76B0066AF41 /* Release */ = {
			isa = XCBuildConfiguration;
			buildSettings = {
				CODE_SIGN_STYLE = Automatic;
				CURRENT_PROJECT_VERSION = 1;
				DEVELOPMENT_TEAM = 67766PDL98;
				GENERATE_INFOPLIST_FILE = YES;
				MARKETING_VERSION = 1.0;
				PRODUCT_BUNDLE_IDENTIFIER = "wine.chus.Ai-La-CarteUITests";
				PRODUCT_NAME = "$(TARGET_NAME)";
				SWIFT_EMIT_LOC_STRINGS = NO;
				SWIFT_VERSION = 5.0;
				TARGETED_DEVICE_FAMILY = "1,2";
				TEST_TARGET_NAME = "Ai La Carte";
			};
			name = Release;
		};
/* End XCBuildConfiguration section */

/* Begin XCConfigurationList section */
		42C499232F07D76A0066AF41 /* Build configuration list for PBXProject "Ai La Carte" */ = {
			isa = XCConfigurationList;
			buildConfigurations = (
				42C499492F07D76B0066AF41 /* Debug */,
				42C4994A2F07D76B0066AF41 /* Release */,
			);
			defaultConfigurationIsVisible = 0;
			defaultConfigurationName = Release;
		};
		42C4994B2F07D76B0066AF41 /* Build configuration list for PBXNativeTarget "Ai La Carte" */ = {
			isa = XCConfigurationList;
			buildConfigurations = (
				42C4994C2F07D76B0066AF41 /* Debug */,
				42C4994D2F07D76B0066AF41 /* Release */,
			);
			defaultConfigurationIsVisible = 0;
			defaultConfigurationName = Release;
		};
		42C4994E2F07D76B0066AF41 /* Build configuration list for PBXNativeTarget "Ai La CarteTests" */ = {
			isa = XCConfigurationList;
			buildConfigurations = (
				42C4994F2F07D76B0066AF41 /* Debug */,
				42C499502F07D76B0066AF41 /* Release */,
			);
			defaultConfigurationIsVisible = 0;
			defaultConfigurationName = Release;
		};
		42C499512F07D76B0066AF41 /* Build configuration list for PBXNativeTarget "Ai La CarteUITests" */ = {
			isa = XCConfigurationList;
			buildConfigurations = (
				42C499522F07D76B0066AF41 /* Debug */,
				42C499532F07D76B0066AF41 /* Release */,
			);
			defaultConfigurationIsVisible = 0;
			defaultConfigurationName = Release;
		};
/* End XCConfigurationList section */
	};
	rootObject = 42C499202F07D76A0066AF41 /* Project object */;
}
